// !$*UTF8*$!
{
	archiveVersion = 1;
	classes = {
	};
	objectVersion = 46;
	objects = {

/* Begin PBXBuildFile section */
		EA1E1F791F087E2400863E3C /* AppDelegate.swift in Sources */ = {isa = PBXBuildFile; fileRef = EA1E1F781F087E2400863E3C /* AppDelegate.swift */; };
		EA1E1F7B1F087E2400863E3C /* ViewController.swift in Sources */ = {isa = PBXBuildFile; fileRef = EA1E1F7A1F087E2400863E3C /* ViewController.swift */; };
		EA1E1F7E1F087E2400863E3C /* Main.storyboard in Resources */ = {isa = PBXBuildFile; fileRef = EA1E1F7C1F087E2400863E3C /* Main.storyboard */; };
		EA1E1F801F087E2400863E3C /* Assets.xcassets in Resources */ = {isa = PBXBuildFile; fileRef = EA1E1F7F1F087E2400863E3C /* Assets.xcassets */; };
		EA1E1F831F087E2400863E3C /* LaunchScreen.storyboard in Resources */ = {isa = PBXBuildFile; fileRef = EA1E1F811F087E2400863E3C /* LaunchScreen.storyboard */; };
/* End PBXBuildFile section */

/* Begin PBXFileReference section */
		EA1E1F751F087E2400863E3C /* codeTesting.app */ = {isa = PBXFileReference; explicitFileType = wrapper.application; includeInIndex = 0; path = codeTesting.app; sourceTree = BUILT_PRODUCTS_DIR; };
		EA1E1F781F087E2400863E3C /* AppDelegate.swift */ = {isa = PBXFileReference; lastKnownFileType = sourcecode.swift; path = AppDelegate.swift; sourceTree = "<group>"; };
		EA1E1F7A1F087E2400863E3C /* ViewController.swift */ = {isa = PBXFileReference; lastKnownFileType = sourcecode.swift; path = ViewController.swift; sourceTree = "<group>"; };
		EA1E1F7D1F087E2400863E3C /* Base */ = {isa = PBXFileReference; lastKnownFileType = file.storyboard; name = Base; path = Base.lproj/Main.storyboard; sourceTree = "<group>"; };
		EA1E1F7F1F087E2400863E3C /* Assets.xcassets */ = {isa = PBXFileReference; lastKnownFileType = folder.assetcatalog; path = Assets.xcassets; sourceTree = "<group>"; };
		EA1E1F821F087E2400863E3C /* Base */ = {isa = PBXFileReference; lastKnownFileType = file.storyboard; name = Base; path = Base.lproj/LaunchScreen.storyboard; sourceTree = "<group>"; };
		EA1E1F841F087E2400863E3C /* Info.plist */ = {isa = PBXFileReference; lastKnownFileType = text.plist.xml; path = Info.plist; sourceTree = "<group>"; };
/* End PBXFileReference section */

/* Begin PBXFrameworksBuildPhase section */
		EA1E1F721F087E2400863E3C /* Frameworks */ = {
			isa = PBXFrameworksBuildPhase;
			buildActionMask = 2147483647;
			files = (
			);
			runOnlyForDeploymentPostprocessing = 0;
		};
/* End PBXFrameworksBuildPhase section */

/* Begin PBXGroup section */
		EA1E1F6C1F087E2400863E3C = {
			isa = PBXGroup;
			children = (
				EA1E1F771F087E2400863E3C /* codeTesting */,
				EA1E1F761F087E2400863E3C /* Products */,
			);
			sourceTree = "<group>";
		};
		EA1E1F761F087E2400863E3C /* Products */ = {
			isa = PBXGroup;
			children = (
				EA1E1F751F087E2400863E3C /* codeTesting.app */,
			);
			name = Products;
			sourceTree = "<group>";
		};
		EA1E1F771F087E2400863E3C /* codeTesting */ = {
			isa = PBXGroup;
			children = (
				EA1E1F781F087E2400863E3C /* AppDelegate.swift */,
				EA1E1F7A1F087E2400863E3C /* ViewController.swift */,
				EA1E1F7C1F087E2400863E3C /* Main.storyboard */,
				EA1E1F7F1F087E2400863E3C /* Assets.xcassets */,
				EA1E1F811F087E2400863E3C /* LaunchScreen.storyboard */,
				EA1E1F841F087E2400863E3C /* Info.plist */,
			);
			path = codeTesting;
			sourceTree = "<group>";
		};
/* End PBXGroup section */

/* Begin PBXNativeTarget section */
		EA1E1F741F087E2400863E3C /* codeTesting */ = {
			isa = PBXNativeTarget;
			buildConfigurationList = EA1E1F871F087E2400863E3C /* Build configuration list for PBXNativeTarget "codeTesting" */;
			buildPhases = (
				EA1E1F711F087E2400863E3C /* Sources */,
				EA1E1F721F087E2400863E3C /* Frameworks */,
				EA1E1F731F087E2400863E3C /* Resources */,
			);
			buildRules = (
			);
			dependencies = (
			);
			name = codeTesting;
			productName = codeTesting;
			productReference = EA1E1F751F087E2400863E3C /* codeTesting.app */;
			productType = "com.apple.product-type.application";
		};
/* End PBXNativeTarget section */

/* Begin PBXProject section */
		EA1E1F6D1F087E2400863E3C /* Project object */ = {
			isa = PBXProject;
			attributes = {
				LastSwiftUpdateCheck = 0830;
				LastUpgradeCheck = 0830;
				TargetAttributes = {
					EA1E1F741F087E2400863E3C = {
						CreatedOnToolsVersion = 8.3.3;
						DevelopmentTeam = Y768X5FU6P;
						ProvisioningStyle = Automatic;
					};
				};
			};
			buildConfigurationList = EA1E1F701F087E2400863E3C /* Build configuration list for PBXProject "codeTesting" */;
			compatibilityVersion = "Xcode 3.2";
			developmentRegion = English;
			hasScannedForEncodings = 0;
			knownRegions = (
				en,
				Base,
			);
			mainGroup = EA1E1F6C1F087E2400863E3C;
			productRefGroup = EA1E1F761F087E2400863E3C /* Products */;
			projectDirPath = "";
			projectRoot = "";
			targets = (
				EA1E1F741F087E2400863E3C /* codeTesting */,
			);
		};
/* End PBXProject section */

/* Begin PBXResourcesBuildPhase section */
		EA1E1F731F087E2400863E3C /* Resources */ = {
			isa = PBXResourcesBuildPhase;
			buildActionMask = 2147483647;
			files = (
				EA1E1F831F087E2400863E3C /* LaunchScreen.storyboard in Resources */,
				EA1E1F801F087E2400863E3C /* Assets.xcassets in Resources */,
				EA1E1F7E1F087E2400863E3C /* Main.storyboard in Resources */,
			);
			runOnlyForDeploymentPostprocessing = 0;
		};
/* End PBXResourcesBuildPhase section */

/* Begin PBXSourcesBuildPhase section */
		EA1E1F711F087E2400863E3C /* Sources */ = {
			isa = PBXSourcesBuildPhase;
			buildActionMask = 2147483647;
			files = (
				EA1E1F7B1F087E2400863E3C /* ViewController.swift in Sources */,
				EA1E1F791F087E2400863E3C /* AppDelegate.swift in Sources */,
			);
			runOnlyForDeploymentPostprocessing = 0;
		};
/* End PBXSourcesBuildPhase section */

/* Begin PBXVariantGroup section */
		EA1E1F7C1F087E2400863E3C /* Main.storyboard */ = {
			isa = PBXVariantGroup;
			children = (
				EA1E1F7D1F087E2400863E3C /* Base */,
			);
			name = Main.storyboard;
			sourceTree = "<group>";
		};
		EA1E1F811F087E2400863E3C /* LaunchScreen.storyboard */ = {
			isa = PBXVariantGroup;
			children = (
				EA1E1F821F087E2400863E3C /* Base */,
			);
			name = LaunchScreen.storyboard;
			sourceTree = "<group>";
		};
/* End PBXVariantGroup section */

/* Begin XCBuildConfiguration section */
		EA1E1F851F087E2400863E3C /* Debug */ = {
			isa = XCBuildConfiguration;
			buildSettings = {
				ALWAYS_SEARCH_USER_PATHS = NO;
				CLANG_ANALYZER_NONNULL = YES;
				CLANG_ANALYZER_NUMBER_OBJECT_CONVERSION = YES_AGGRESSIVE;
				CLANG_CXX_LANGUAGE_STANDARD = "gnu++0x";
				CLANG_CXX_LIBRARY = "libc++";
				CLANG_ENABLE_MODULES = YES;
				CLANG_ENABLE_OBJC_ARC = YES;
				CLANG_WARN_BOOL_CONVERSION = YES;
				CLANG_WARN_CONSTANT_CONVERSION = YES;
				CLANG_WARN_DIRECT_OBJC_ISA_USAGE = YES_ERROR;
				CLANG_WARN_DOCUMENTATION_COMMENTS = YES;
				CLANG_WARN_EMPTY_BODY = YES;
				CLANG_WARN_ENUM_CONVERSION = YES;
				CLANG_WARN_INFINITE_RECURSION = YES;
				CLANG_WARN_INT_CONVERSION = YES;
				CLANG_WARN_OBJC_ROOT_CLASS = YES_ERROR;
				CLANG_WARN_SUSPICIOUS_MOVE = YES;
				CLANG_WARN_UNREACHABLE_CODE = YES;
				CLANG_WARN__DUPLICATE_METHOD_MATCH = YES;
				"CODE_SIGN_IDENTITY[sdk=iphoneos*]" = "iPhone Developer";
				COPY_PHASE_STRIP = NO;
				DEBUG_INFORMATION_FORMAT = dwarf;
				ENABLE_STRICT_OBJC_MSGSEND = YES;
				ENABLE_TESTABILITY = YES;
				GCC_C_LANGUAGE_STANDARD = gnu99;
				GCC_DYNAMIC_NO_PIC = NO;
				GCC_NO_COMMON_BLOCKS = YES;
				GCC_OPTIMIZATION_LEVEL = 0;
				GCC_PREPROCESSOR_DEFINITIONS = (
					"DEBUG=1",
					"$(inherited)",
				);
				GCC_WARN_64_TO_32_BIT_CONVERSION = YES;
				GCC_WARN_ABOUT_RETURN_TYPE = YES_ERROR;
				GCC_WARN_UNDECLARED_SELECTOR = YES;
				GCC_WARN_UNINITIALIZED_AUTOS = YES_AGGRESSIVE;
				GCC_WARN_UNUSED_FUNCTION = YES;
				GCC_WARN_UNUSED_VARIABLE = YES;
				IPHONEOS_DEPLOYMENT_TARGET = 10.3;
				MTL_ENABLE_DEBUG_INFO = YES;
				ONLY_ACTIVE_ARCH = YES;
				SDKROOT = iphoneos;
				SWIFT_ACTIVE_COMPILATION_CONDITIONS = DEBUG;
				SWIFT_OPTIMIZATION_LEVEL = "-Onone";
				TARGETED_DEVICE_FAMILY = "1,2";
			};
			name = Debug;
		};
		EA1E1F861F087E2400863E3C /* Release */ = {
			isa = XCBuildConfiguration;
			buildSettings = {
				ALWAYS_SEARCH_USER_PATHS = NO;
				CLANG_ANALYZER_NONNULL = YES;
				CLANG_ANALYZER_NUMBER_OBJECT_CONVERSION = YES_AGGRESSIVE;
				CLANG_CXX_LANGUAGE_STANDARD = "gnu++0x";
				CLANG_CXX_LIBRARY = "libc++";
				CLANG_ENABLE_MODULES = YES;
				CLANG_ENABLE_OBJC_ARC = YES;
				CLANG_WARN_BOOL_CONVERSION = YES;
				CLANG_WARN_CONSTANT_CONVERSION = YES;
				CLANG_WARN_DIRECT_OBJC_ISA_USAGE = YES_ERROR;
				CLANG_WARN_DOCUMENTATION_COMMENTS = YES;
				CLANG_WARN_EMPTY_BODY = YES;
				CLANG_WARN_ENUM_CONVERSION = YES;
				CLANG_WARN_INFINITE_RECURSION = YES;
				CLANG_WARN_INT_CONVERSION = YES;
				CLANG_WARN_OBJC_ROOT_CLASS = YES_ERROR;
				CLANG_WARN_SUSPICIOUS_MOVE = YES;
				CLANG_WARN_UNREACHABLE_CODE = YES;
				CLANG_WARN__DUPLICATE_METHOD_MATCH = YES;
				"CODE_SIGN_IDENTITY[sdk=iphoneos*]" = "iPhone Developer";
				COPY_PHASE_STRIP = NO;
				DEBUG_INFORMATION_FORMAT = "dwarf-with-dsym";
				ENABLE_NS_ASSERTIONS = NO;
				ENABLE_STRICT_OBJC_MSGSEND = YES;
				GCC_C_LANGUAGE_STANDARD = gnu99;
				GCC_NO_COMMON_BLOCKS = YES;
				GCC_WARN_64_TO_32_BIT_CONVERSION = YES;
				GCC_WARN_ABOUT_RETURN_TYPE = YES_ERROR;
				GCC_WARN_UNDECLARED_SELECTOR = YES;
				GCC_WARN_UNINITIALIZED_AUTOS = YES_AGGRESSIVE;
				GCC_WARN_UNUSED_FUNCTION = YES;
				GCC_WARN_UNUSED_VARIABLE = YES;
				IPHONEOS_DEPLOYMENT_TARGET = 10.3;
				MTL_ENABLE_DEBUG_INFO = NO;
				SDKROOT = iphoneos;
				SWIFT_OPTIMIZATION_LEVEL = "-Owholemodule";
				TARGETED_DEVICE_FAMILY = "1,2";
				VALIDATE_PRODUCT = YES;
			};
			name = Release;
		};
		EA1E1F881F087E2400863E3C /* Debug */ = {
			isa = XCBuildConfiguration;
			buildSettings = {
				ASSETCATALOG_COMPILER_APPICON_NAME = AppIcon;
				DEVELOPMENT_TEAM = Y768X5FU6P;
				INFOPLIST_FILE = codeTesting/Info.plist;
				LD_RUNPATH_SEARCH_PATHS = "$(inherited) @executable_path/Frameworks";
				PRODUCT_BUNDLE_IDENTIFIER = com.tonymega.codeTesting;
				PRODUCT_NAME = "$(TARGET_NAME)";
				SWIFT_VERSION = 3.0;
			};
			name = Debug;
		};
		EA1E1F891F087E2400863E3C /* Release */ = {
			isa = XCBuildConfiguration;
			buildSettings = {
				ASSETCATALOG_COMPILER_APPICON_NAME = AppIcon;
				DEVELOPMENT_TEAM = Y768X5FU6P;
				INFOPLIST_FILE = codeTesting/Info.plist;
				LD_RUNPATH_SEARCH_PATHS = "$(inherited) @executable_path/Frameworks";
				PRODUCT_BUNDLE_IDENTIFIER = com.tonymega.codeTesting;
				PRODUCT_NAME = "$(TARGET_NAME)";
				SWIFT_VERSION = 3.0;
			};
			name = Release;
		};
/* End XCBuildConfiguration section */

/* Begin XCConfigurationList section */
		EA1E1F701F087E2400863E3C /* Build configuration list for PBXProject "codeTesting" */ = {
			isa = XCConfigurationList;
			buildConfigurations = (
				EA1E1F851F087E2400863E3C /* Debug */,
				EA1E1F861F087E2400863E3C /* Release */,
			);
			defaultConfigurationIsVisible = 0;
			defaultConfigurationName = Release;
		};
		EA1E1F871F087E2400863E3C /* Build configuration list for PBXNativeTarget "codeTesting" */ = {
			isa = XCConfigurationList;
			buildConfigurations = (
				EA1E1F881F087E2400863E3C /* Debug */,
				EA1E1F891F087E2400863E3C /* Release */,
			);
			defaultConfigurationIsVisible = 0;
		};
/* End XCConfigurationList section */
	};
	rootObject = EA1E1F6D1F087E2400863E3C /* Project object */;
}
